github.com/alexflint/go-arg v1.6.1 h1:uZogJ6VDBjcuosydKgvYYRhh9sRCusjOvoOLZopBlnA=
github.com/alexflint/go-arg v1.6.1/go.mod h1:nQ0LFYftLJ6njcaee0sU+G0iS2+2XJQfA8I062D0LGc=
github.com/alexflint/go-scalar v1.2.0 h1:WR7JPKkeNpnYIOfHRa7ivM21aWAdHD0gEWHCx+WQBRw=
github.com/alexflint/go-scalar v1.2.0/go.mod h1:LoFvNMqS1CPrMVltza4LvnGKhaSpc3oyLEBUZVhhS2o=
github.com/davecgh/go-spew v1.1.1 h1:vj9j/u1bqnvCEfJOwUhtlOARqs3+rkHYY13jYWTU97c=
github.com/davecgh/go-spew v1.1.1/go.mod h1:J7Y8YcW2NihsgmVo/mv3lAwl/skON4iLHjSsI+c5H38=
github.com/hardpointlabs/lpstream v1.1.0 h1:ke2hb5vZNKVHjJu9aVHwN1OMFM7klSioMQp86vd5VQs=
github.com/hardpointlabs/lpstream v1.1.0/go.mod h1:wU+JD4IJb1v5PW1hZtH75ksFxaPbhu+37ktEySmEWHw=
github.com/pmezard/go-difflib v1.0.0 h1:4DBwDE0NGyQoBHbLQYPwSUPoCMWR5BEzIk/f1lZbAQM=
github.com/pmezard/go-difflib v1.0.0/go.mod h1:iKH77koFhYxTK1pcRnkKkqfTogsbg7gZNVY4sRDYZ/4=
github.com/quic-go/quic-go v0.59.0 h1:OLJkp1Mlm/aS7dpKgTc6cnpynnD2Xg7C1pwL6vy/SAw=
github.com/quic-go/quic-go v0.59.0/go.mod h1:upnsH4Ju1YkqpLXC305eW3yDZ4NfnNbmQRCMWS58IKU=
github.com/stretchr/testify v1.2.2/go.mod h1:a8OnRcib4nhh0OaRAV+Yts87kKdq0PP7pXfy6kDkUVs=
github.com/stretchr/testify v1.11.1 h1:7s2iGBzp5EwR7/aIZr8ao5+dra3wiQyKjjFuvgVKu7U=
github.com/stretchr/testify v1.11.1/go.mod h1:wZwfW3scLgRK+23gO65QZefKpKQRnfz6sD981Nm4B6U=
go.uber.org/mock v0.5.2 h1:LbtPTcP8A5k9WPXj54PPPbjcI4Y6lhyOZXn+VS7wNko=
go.uber.org/mock v0.5.2/go.mod h1:wLlUxC2vVTPTaE3UD51E0BGOAElKrILxhVSDYQLld5o=
golang.org/x/crypto v0.49.0 h1:+Ng2ULVvLHnJ/ZFEq4KdcDd/cfjrrjjNSXNzxg0Y4U4=
golang.org/x/crypto v0.49.0/go.mod h1:ErX4dUh2UM+CFYiXZRTcMpEcN8b/1gxEuv3nODoYtCA=
golang.org/x/net v0.52.0 h1:He/TN1l0e4mmR3QqHMT2Xab3Aj3L9qjbhRm78/6jrW0=
golang.org/x/net v0.52.0/go.mod h1:R1MAz7uMZxVMualyPXb+VaqGSa3LIaUqk0eEt3w36Sw=
golang.org/x/sys v0.42.0 h1:omrd2nAlyT5ESRdCLYdm3+fMfNFE/+Rf4bDIQImRJeo=
golang.org/x/sys v0.42.0/go.mod h1:4GL1E5IUh+htKOUEOaiffhrAeqysfVGipDYzABqnCmw=
gopkg.in/check.v1 v0.0.0-20161208181325-20d25e280405/go.mod h1:Co6ibVJAznAaIkqp8huTwlJQCZ016jof/cbN4VW5Yz0=
gopkg.in/yaml.v3 v3.0.1 h1:fxVm/GzAzEWqLHuvctI91KS9hhNmmWOoWu0XTYJS7CA=
gopkg.in/yaml.v3 v3.0.1/go.mod h1:K4uyk7z7BCEPqu6E+C64Yfv1cQ7kz7rIZviUmN+EgEM=
